
Microsoft Visual Studio Solution File, Format Version 12.00
# Visual Studio Version 17
VisualStudioVersion = 17.0.31903.59
MinimumVisualStudioVersion = 10.0.40219.1
Project("{FAE04EC0-301F-11D3-BF4B-00C04F79EFBC}") = "Content.Shared", "Content.Shared\Content.Shared.csproj", "{2E0FF67D-FFF8-4AB1-9855-7C270FBB5A75}"
EndProject
Project("{FAE04EC0-301F-11D3-BF4B-00C04F79EFBC}") = "Content.Client", "Content.Client\Content.Client.csproj", "{D0163B76-AA4C-4FC6-81D1-1DAFBA764B99}"
EndProject
Project("{FAE04EC0-301F-11D3-BF4B-00C04F79EFBC}") = "Content.Server", "Content.Server\Content.Server.csproj", "{551ACDA2-7556-44F0-9E22-BEE32D972AFA}"
EndProject
Project("{2150E333-8FDC-42A3-9474-1A3956D46DE8}") = "RexEngine", "RexEngine", "{88E21F86-FA5F-2C43-223C-7FAC7C018542}"
EndProject
Project("{FAE04EC0-301F-11D3-BF4B-00C04F79EFBC}") = "Rex.Shared", "RexEngine\Rex.Shared\Rex.Shared.csproj", "{2B9E5761-5EC2-44C0-8133-D33745BCFDF8}"
EndProject
Project("{FAE04EC0-301F-11D3-BF4B-00C04F79EFBC}") = "Rex.Analyzers", "RexEngine\Rex.Analyzers\Rex.Analyzers.csproj", "{F6EB1F25-7885-487D-B27C-FC6E1090DF16}"
EndProject
Project("{FAE04EC0-301F-11D3-BF4B-00C04F79EFBC}") = "Rex.Client", "RexEngine\Rex.Client\Rex.Client.csproj", "{33830653-DFAD-4551-83C8-0A2B03F5DD0A}"
EndProject
Project("{FAE04EC0-301F-11D3-BF4B-00C04F79EFBC}") = "Rex.Server", "RexEngine\Rex.Server\Rex.Server.csproj", "{1B1C1518-D6DC-4E58-A983-C615BE7A1084}"
EndProject
Global
	GlobalSection(SolutionConfigurationPlatforms) = preSolution
		Debug|Any CPU = Debug|Any CPU
		Debug|x64 = Debug|x64
		Debug|x86 = Debug|x86
		Release|Any CPU = Release|Any CPU
		Release|x64 = Release|x64
		Release|x86 = Release|x86
	EndGlobalSection
	GlobalSection(ProjectConfigurationPlatforms) = postSolution
		{2E0FF67D-FFF8-4AB1-9855-7C270FBB5A75}.Debug|Any CPU.ActiveCfg = Debug|Any CPU
		{2E0FF67D-FFF8-4AB1-9855-7C270FBB5A75}.Debug|Any CPU.Build.0 = Debug|Any CPU
		{2E0FF67D-FFF8-4AB1-9855-7C270FBB5A75}.Debug|x64.ActiveCfg = Debug|Any CPU
		{2E0FF67D-FFF8-4AB1-9855-7C270FBB5A75}.Debug|x64.Build.0 = Debug|Any CPU
		{2E0FF67D-FFF8-4AB1-9855-7C270FBB5A75}.Debug|x86.ActiveCfg = Debug|Any CPU
		{2E0FF67D-FFF8-4AB1-9855-7C270FBB5A75}.Debug|x86.Build.0 = Debug|Any CPU
		{2E0FF67D-FFF8-4AB1-9855-7C270FBB5A75}.Release|Any CPU.ActiveCfg = Release|Any CPU
		{2E0FF67D-FFF8-4AB1-9855-7C270FBB5A75}.Release|Any CPU.Build.0 = Release|Any CPU
		{2E0FF67D-FFF8-4AB1-9855-7C270FBB5A75}.Release|x64.ActiveCfg = Release|Any CPU
		{2E0FF67D-FFF8-4AB1-9855-7C270FBB5A75}.Release|x64.Build.0 = Release|Any CPU
		{2E0FF67D-FFF8-4AB1-9855-7C270FBB5A75}.Release|x86.ActiveCfg = Release|Any CPU
		{2E0FF67D-FFF8-4AB1-9855-7C270FBB5A75}.Release|x86.Build.0 = Release|Any CPU
		{D0163B76-AA4C-4FC6-81D1-1DAFBA764B99}.Debug|Any CPU.ActiveCfg = Debug|Any CPU
		{D0163B76-AA4C-4FC6-81D1-1DAFBA764B99}.Debug|Any CPU.Build.0 = Debug|Any CPU
		{D0163B76-AA4C-4FC6-81D1-1DAFBA764B99}.Debug|x64.ActiveCfg = Debug|Any CPU
		{D0163B76-AA4C-4FC6-81D1-1DAFBA764B99}.Debug|x64.Build.0 = Debug|Any CPU
		{D0163B76-AA4C-4FC6-81D1-1DAFBA764B99}.Debug|x86.ActiveCfg = Debug|Any CPU
		{D0163B76-AA4C-4FC6-81D1-1DAFBA764B99}.Debug|x86.Build.0 = Debug|Any CPU
		{D0163B76-AA4C-4FC6-81D1-1DAFBA764B99}.Release|Any CPU.ActiveCfg = Release|Any CPU
		{D0163B76-AA4C-4FC6-81D1-1DAFBA764B99}.Release|Any CPU.Build.0 = Release|Any CPU
		{D0163B76-AA4C-4FC6-81D1-1DAFBA764B99}.Release|x64.ActiveCfg = Release|Any CPU
		{D0163B76-AA4C-4FC6-81D1-1DAFBA764B99}.Release|x64.Build.0 = Release|Any CPU
		{D0163B76-AA4C-4FC6-81D1-1DAFBA764B99}.Release|x86.ActiveCfg = Release|Any CPU
		{D0163B76-AA4C-4FC6-81D1-1DAFBA764B99}.Release|x86.Build.0 = Release|Any CPU
		{551ACDA2-7556-44F0-9E22-BEE32D972AFA}.Debug|Any CPU.ActiveCfg = Debug|Any CPU
		{551ACDA2-7556-44F0-9E22-BEE32D972AFA}.Debug|Any CPU.Build.0 = Debug|Any CPU
		{551ACDA2-7556-44F0-9E22-BEE32D972AFA}.Debug|x64.ActiveCfg = Debug|Any CPU
		{551ACDA2-7556-44F0-9E22-BEE32D972AFA}.Debug|x64.Build.0 = Debug|Any CPU
		{551ACDA2-7556-44F0-9E22-BEE32D972AFA}.Debug|x86.ActiveCfg = Debug|Any CPU
		{551ACDA2-7556-44F0-9E22-BEE32D972AFA}.Debug|x86.Build.0 = Debug|Any CPU
		{551ACDA2-7556-44F0-9E22-BEE32D972AFA}.Release|Any CPU.ActiveCfg = Release|Any CPU
		{551ACDA2-7556-44F0-9E22-BEE32D972AFA}.Release|Any CPU.Build.0 = Release|Any CPU
		{551ACDA2-7556-44F0-9E22-BEE32D972AFA}.Release|x64.ActiveCfg = Release|Any CPU
		{551ACDA2-7556-44F0-9E22-BEE32D972AFA}.Release|x64.Build.0 = Release|Any CPU
		{551ACDA2-7556-44F0-9E22-BEE32D972AFA}.Release|x86.ActiveCfg = Release|Any CPU
		{551ACDA2-7556-44F0-9E22-BEE32D972AFA}.Release|x86.Build.0 = Release|Any CPU
		{2B9E5761-5EC2-44C0-8133-D33745BCFDF8}.Debug|Any CPU.ActiveCfg = Debug|Any CPU
		{2B9E5761-5EC2-44C0-8133-D33745BCFDF8}.Debug|Any CPU.Build.0 = Debug|Any CPU
		{2B9E5761-5EC2-44C0-8133-D33745BCFDF8}.Debug|x64.ActiveCfg = Debug|Any CPU
		{2B9E5761-5EC2-44C0-8133-D33745BCFDF8}.Debug|x64.Build.0 = Debug|Any CPU
		{2B9E5761-5EC2-44C0-8133-D33745BCFDF8}.Debug|x86.ActiveCfg = Debug|Any CPU
		{2B9E5761-5EC2-44C0-8133-D33745BCFDF8}.Debug|x86.Build.0 = Debug|Any CPU
		{2B9E5761-5EC2-44C0-8133-D33745BCFDF8}.Release|Any CPU.ActiveCfg = Release|Any CPU
		{2B9E5761-5EC2-44C0-8133-D33745BCFDF8}.Release|Any CPU.Build.0 = Release|Any CPU
		{2B9E5761-5EC2-44C0-8133-D33745BCFDF8}.Release|x64.ActiveCfg = Release|Any CPU
		{2B9E5761-5EC2-44C0-8133-D33745BCFDF8}.Release|x64.Build.0 = Release|Any CPU
		{2B9E5761-5EC2-44C0-8133-D33745BCFDF8}.Release|x86.ActiveCfg = Release|Any CPU
		{2B9E5761-5EC2-44C0-8133-D33745BCFDF8}.Release|x86.Build.0 = Release|Any CPU
		{F6EB1F25-7885-487D-B27C-FC6E1090DF16}.Debug|Any CPU.ActiveCfg = Debug|Any CPU
		{F6EB1F25-7885-487D-B27C-FC6E1090DF16}.Debug|Any CPU.Build.0 = Debug|Any CPU
		{F6EB1F25-7885-487D-B27C-FC6E1090DF16}.Debug|x64.ActiveCfg = Debug|Any CPU
		{F6EB1F25-7885-487D-B27C-FC6E1090DF16}.Debug|x64.Build.0 = Debug|Any CPU
		{F6EB1F25-7885-487D-B27C-FC6E1090DF16}.Debug|x86.ActiveCfg = Debug|Any CPU
		{F6EB1F25-7885-487D-B27C-FC6E1090DF16}.Debug|x86.Build.0 = Debug|Any CPU
		{F6EB1F25-7885-487D-B27C-FC6E1090DF16}.Release|Any CPU.ActiveCfg = Release|Any CPU
		{F6EB1F25-7885-487D-B27C-FC6E1090DF16}.Release|Any CPU.Build.0 = Release|Any CPU
		{F6EB1F25-7885-487D-B27C-FC6E1090DF16}.Release|x64.ActiveCfg = Release|Any CPU
		{F6EB1F25-7885-487D-B27C-FC6E1090DF16}.Release|x64.Build.0 = Release|Any CPU
		{F6EB1F25-7885-487D-B27C-FC6E1090DF16}.Release|x86.ActiveCfg = Release|Any CPU
		{F6EB1F25-7885-487D-B27C-FC6E1090DF16}.Release|x86.Build.0 = Release|Any CPU
		{33830653-DFAD-4551-83C8-0A2B03F5DD0A}.Debug|Any CPU.ActiveCfg = Debug|Any CPU
		{33830653-DFAD-4551-83C8-0A2B03F5DD0A}.Debug|Any CPU.Build.0 = Debug|Any CPU
		{33830653-DFAD-4551-83C8-0A2B03F5DD0A}.Debug|x64.ActiveCfg = Debug|Any CPU
		{33830653-DFAD-4551-83C8-0A2B03F5DD0A}.Debug|x64.Build.0 = Debug|Any CPU
		{33830653-DFAD-4551-83C8-0A2B03F5DD0A}.Debug|x86.ActiveCfg = Debug|Any CPU
		{33830653-DFAD-4551-83C8-0A2B03F5DD0A}.Debug|x86.Build.0 = Debug|Any CPU
		{33830653-DFAD-4551-83C8-0A2B03F5DD0A}.Release|Any CPU.ActiveCfg = Release|Any CPU
		{33830653-DFAD-4551-83C8-0A2B03F5DD0A}.Release|Any CPU.Build.0 = Release|Any CPU
		{33830653-DFAD-4551-83C8-0A2B03F5DD0A}.Release|x64.ActiveCfg = Release|Any CPU
		{33830653-DFAD-4551-83C8-0A2B03F5DD0A}.Release|x64.Build.0 = Release|Any CPU
		{33830653-DFAD-4551-83C8-0A2B03F5DD0A}.Release|x86.ActiveCfg = Release|Any CPU
		{33830653-DFAD-4551-83C8-0A2B03F5DD0A}.Release|x86.Build.0 = Release|Any CPU
		{1B1C1518-D6DC-4E58-A983-C615BE7A1084}.Debug|Any CPU.ActiveCfg = Debug|Any CPU
		{1B1C1518-D6DC-4E58-A983-C615BE7A1084}.Debug|Any CPU.Build.0 = Debug|Any CPU
		{1B1C1518-D6DC-4E58-A983-C615BE7A1084}.Debug|x64.ActiveCfg = Debug|Any CPU
		{1B1C1518-D6DC-4E58-A983-C615BE7A1084}.Debug|x64.Build.0 = Debug|Any CPU
		{1B1C1518-D6DC-4E58-A983-C615BE7A1084}.Debug|x86.ActiveCfg = Debug|Any CPU
		{1B1C1518-D6DC-4E58-A983-C615BE7A1084}.Debug|x86.Build.0 = Debug|Any CPU
		{1B1C1518-D6DC-4E58-A983-C615BE7A1084}.Release|Any CPU.ActiveCfg = Release|Any CPU
		{1B1C1518-D6DC-4E58-A983-C615BE7A1084}.Release|Any CPU.Build.0 = Release|Any CPU
		{1B1C1518-D6DC-4E58-A983-C615BE7A1084}.Release|x64.ActiveCfg = Release|Any CPU
		{1B1C1518-D6DC-4E58-A983-C615BE7A1084}.Release|x64.Build.0 = Release|Any CPU
		{1B1C1518-D6DC-4E58-A983-C615BE7A1084}.Release|x86.ActiveCfg = Release|Any CPU
		{1B1C1518-D6DC-4E58-A983-C615BE7A1084}.Release|x86.Build.0 = Release|Any CPU
	EndGlobalSection
	GlobalSection(SolutionProperties) = preSolution
		HideSolutionNode = FALSE
	EndGlobalSection
	GlobalSection(NestedProjects) = preSolution
		{2B9E5761-5EC2-44C0-8133-D33745BCFDF8} = {88E21F86-FA5F-2C43-223C-7FAC7C018542}
		{F6EB1F25-7885-487D-B27C-FC6E1090DF16} = {88E21F86-FA5F-2C43-223C-7FAC7C018542}
		{33830653-DFAD-4551-83C8-0A2B03F5DD0A} = {88E21F86-FA5F-2C43-223C-7FAC7C018542}
		{1B1C1518-D6DC-4E58-A983-C615BE7A1084} = {88E21F86-FA5F-2C43-223C-7FAC7C018542}
	EndGlobalSection
EndGlobal
